
Microsoft Visual Studio Solution File, Format Version 12.00
# Visual Studio Version 16
VisualStudioVersion = 16.0.29613.14
MinimumVisualStudioVersion = 10.0.40219.1
Project("{9A19103F-16F7-4668-BE54-9A1E7A4F7556}") = "ServerApp", "ServerApp\ServerApp.csproj", "{8F6B4BEF-FDAF-4962-919D-A37FD69DC792}"
EndProject
Project("{E24C65DC-7377-472B-9ABA-BC803B73C61A}") = "ClientApp", "ClientApp\", "{8AE5C786-304A-49B0-937B-3BBFCC61DE59}"
	ProjectSection(WebsiteProperties) = preProject
		TargetFrameworkMoniker = ".NETFramework,Version%3Dv4.0"
		Debug.AspNetCompiler.VirtualPath = "/localhost_54387"
		Debug.AspNetCompiler.PhysicalPath = "ClientApp\"
		Debug.AspNetCompiler.TargetPath = "PrecompiledWeb\localhost_54387\"
		Debug.AspNetCompiler.Updateable = "true"
		Debug.AspNetCompiler.ForceOverwrite = "true"
		Debug.AspNetCompiler.FixedNames = "false"
		Debug.AspNetCompiler.Debug = "True"
		Release.AspNetCompiler.VirtualPath = "/localhost_54387"
		Release.AspNetCompiler.PhysicalPath = "ClientApp\"
		Release.AspNetCompiler.TargetPath = "PrecompiledWeb\localhost_54387\"
		Release.AspNetCompiler.Updateable = "true"
		Release.AspNetCompiler.ForceOverwrite = "true"
		Release.AspNetCompiler.FixedNames = "false"
		Release.AspNetCompiler.Debug = "False"
		VWDPort = "54387"
	EndProjectSection
EndProject
Project("{FAE04EC0-301F-11D3-BF4B-00C04F79EFBC}") = "ServerAppTest", "ServerAppTest\ServerAppTest.csproj", "{030492A1-A812-4C16-BBD2-59FEBD713A2C}"
EndProject
Global
	GlobalSection(SolutionConfigurationPlatforms) = preSolution
		Debug|Any CPU = Debug|Any CPU
		Release|Any CPU = Release|Any CPU
	EndGlobalSection
	GlobalSection(ProjectConfigurationPlatforms) = postSolution
		{8F6B4BEF-FDAF-4962-919D-A37FD69DC792}.Debug|Any CPU.ActiveCfg = Debug|Any CPU
		{8F6B4BEF-FDAF-4962-919D-A37FD69DC792}.Debug|Any CPU.Build.0 = Debug|Any CPU
		{8F6B4BEF-FDAF-4962-919D-A37FD69DC792}.Release|Any CPU.ActiveCfg = Release|Any CPU
		{8F6B4BEF-FDAF-4962-919D-A37FD69DC792}.Release|Any CPU.Build.0 = Release|Any CPU
		{8AE5C786-304A-49B0-937B-3BBFCC61DE59}.Debug|Any CPU.ActiveCfg = Debug|Any CPU
		{8AE5C786-304A-49B0-937B-3BBFCC61DE59}.Release|Any CPU.ActiveCfg = Debug|Any CPU
		{8AE5C786-304A-49B0-937B-3BBFCC61DE59}.Release|Any CPU.Build.0 = Debug|Any CPU
		{030492A1-A812-4C16-BBD2-59FEBD713A2C}.Debug|Any CPU.ActiveCfg = Debug|Any CPU
		{030492A1-A812-4C16-BBD2-59FEBD713A2C}.Debug|Any CPU.Build.0 = Debug|Any CPU
		{030492A1-A812-4C16-BBD2-59FEBD713A2C}.Release|Any CPU.ActiveCfg = Release|Any CPU
		{030492A1-A812-4C16-BBD2-59FEBD713A2C}.Release|Any CPU.Build.0 = Release|Any CPU
	EndGlobalSection
	GlobalSection(SolutionProperties) = preSolution
		HideSolutionNode = FALSE
	EndGlobalSection
	GlobalSection(ExtensibilityGlobals) = postSolution
		SolutionGuid = {4246588B-F9F8-430D-A7FB-1F2AB2D270C9}
	EndGlobalSection
EndGlobal
